{
  "version": 4,
  "terraform_version": "1.13.2",
  "serial": 4,
  "lineage": "fadb05c5-0521-a3e6-b4f4-ba6f7bbe26a3",
  "outputs": {},
  "resources": [
    {
      "mode": "managed",
      "type": "cloudflare_zero_trust_access_policy",
      "name": "xolotl_zero_trust_access_policy",
      "provider": "provider[\"registry.terraform.io/cloudflare/cloudflare\"]",
      "instances": [
        {
          "schema_version": 0,
          "attributes": {
            "account_id": "f92413c21a2212429577cfbede5172dc",
            "approval_groups": null,
            "approval_required": null,
            "decision": "allow",
            "exclude": [],
            "id": "c634eedf-57c0-4f43-acd4-2c840540f15f",
            "include": [
              {
                "any_valid_service_token": null,
                "auth_context": null,
                "auth_method": null,
                "azure_ad": null,
                "certificate": null,
                "common_name": null,
                "device_posture": null,
                "email": {
                  "email": "xolotl.mictl4n@gmail.com"
                },
                "email_domain": null,
                "email_list": null,
                "everyone": null,
                "external_evaluation": null,
                "geo": null,
                "github_organization": null,
                "group": null,
                "gsuite": null,
                "ip": null,
                "ip_list": null,
                "linked_app_token": null,
                "login_method": null,
                "oidc": null,
                "okta": null,
                "saml": null,
                "service_token": null
              }
            ],
            "isolation_required": null,
            "name": "xolotl",
            "purpose_justification_prompt": null,
            "purpose_justification_required": null,
            "require": [],
            "session_duration": "730h"
          },
          "sensitive_attributes": [],
          "identity_schema_version": 0
        }
      ]
    }
  ],
  "check_results": null
}
